// !$*UTF8*$!
{
	archiveVersion = 1;
	classes = {
	};
	objectVersion = 51;
	objects = {

/* Begin PBXBuildFile section */
		23C58B25ED36AD9AAF70869C /* Pods_SPHTech_Assignment_SPHTech_AssignmentUITests.framework in Frameworks */ = {isa = PBXBuildFile; fileRef = 0D1F6B1CF46ECA44F4B1837A /* Pods_SPHTech_Assignment_SPHTech_AssignmentUITests.framework */; };
		4F095ED824EAEB2800AF688A /* AppDelegate.swift in Sources */ = {isa = PBXBuildFile; fileRef = 4F095ED724EAEB2800AF688A /* AppDelegate.swift */; };
		4F095EDA24EAEB2800AF688A /* SceneDelegate.swift in Sources */ = {isa = PBXBuildFile; fileRef = 4F095ED924EAEB2800AF688A /* SceneDelegate.swift */; };
		4F095EDC24EAEB2800AF688A /* ViewController.swift in Sources */ = {isa = PBXBuildFile; fileRef = 4F095EDB24EAEB2800AF688A /* ViewController.swift */; };
		4F095EDF24EAEB2800AF688A /* Main.storyboard in Resources */ = {isa = PBXBuildFile; fileRef = 4F095EDD24EAEB2800AF688A /* Main.storyboard */; };
		4F095EE224EAEB2800AF688A /* SPHTech_Assignment.xcdatamodeld in Sources */ = {isa = PBXBuildFile; fileRef = 4F095EE024EAEB2800AF688A /* SPHTech_Assignment.xcdatamodeld */; };
		4F095EE424EAEB2900AF688A /* Assets.xcassets in Resources */ = {isa = PBXBuildFile; fileRef = 4F095EE324EAEB2900AF688A /* Assets.xcassets */; };
		4F095EE724EAEB2900AF688A /* LaunchScreen.storyboard in Resources */ = {isa = PBXBuildFile; fileRef = 4F095EE524EAEB2900AF688A /* LaunchScreen.storyboard */; };
		4F095EF224EAEB2A00AF688A /* SPHTech_AssignmentTests.swift in Sources */ = {isa = PBXBuildFile; fileRef = 4F095EF124EAEB2A00AF688A /* SPHTech_AssignmentTests.swift */; };
		4F095EFD24EAEB2A00AF688A /* SPHTech_AssignmentUITests.swift in Sources */ = {isa = PBXBuildFile; fileRef = 4F095EFC24EAEB2A00AF688A /* SPHTech_AssignmentUITests.swift */; };
		4F660CC524EAF39100E5B81A /* dataConsumptionTableViewTableViewCell.swift in Sources */ = {isa = PBXBuildFile; fileRef = 4F660CC424EAF39100E5B81A /* dataConsumptionTableViewTableViewCell.swift */; };
		4F660CC824EAF7C100E5B81A /* Protocols.swift in Sources */ = {isa = PBXBuildFile; fileRef = 4F660CC724EAF7C100E5B81A /* Protocols.swift */; };
		4F660CCA24EAF90600E5B81A /* DataConsumptionViewModel.swift in Sources */ = {isa = PBXBuildFile; fileRef = 4F660CC924EAF90600E5B81A /* DataConsumptionViewModel.swift */; };
		4F660CCC24EAFC0100E5B81A /* DataConsumptionModel.swift in Sources */ = {isa = PBXBuildFile; fileRef = 4F660CCB24EAFC0100E5B81A /* DataConsumptionModel.swift */; };
		4FDC624024EBEEFB00B80692 /* ErrorMessageViewController.swift in Sources */ = {isa = PBXBuildFile; fileRef = 4FDC623F24EBEEFB00B80692 /* ErrorMessageViewController.swift */; };
		4FF9E1F924EAEE5200F1CF27 /* HeaderHelper.swift in Sources */ = {isa = PBXBuildFile; fileRef = 4FF9E1F824EAEE5200F1CF27 /* HeaderHelper.swift */; };
		4FF9E1FB24EAEE5700F1CF27 /* RequestHelpers.swift in Sources */ = {isa = PBXBuildFile; fileRef = 4FF9E1FA24EAEE5700F1CF27 /* RequestHelpers.swift */; };
		4FF9E1FD24EAEE5C00F1CF27 /* RequestUrls.swift in Sources */ = {isa = PBXBuildFile; fileRef = 4FF9E1FC24EAEE5C00F1CF27 /* RequestUrls.swift */; };
		64A9EF429A0383334D56569A /* Pods_SPHTech_Assignment.framework in Frameworks */ = {isa = PBXBuildFile; fileRef = 704F38B21C6A587A294BA030 /* Pods_SPHTech_Assignment.framework */; };
		E8293428B66A0B2A90C111CB /* Pods_SPHTech_AssignmentTests.framework in Frameworks */ = {isa = PBXBuildFile; fileRef = B73EBB7D83034FDCA1B40CFA /* Pods_SPHTech_AssignmentTests.framework */; };
/* End PBXBuildFile section */

/* Begin PBXContainerItemProxy section */
		4F095EEE24EAEB2A00AF688A /* PBXContainerItemProxy */ = {
			isa = PBXContainerItemProxy;
			containerPortal = 4F095ECC24EAEB2800AF688A /* Project object */;
			proxyType = 1;
			remoteGlobalIDString = 4F095ED324EAEB2800AF688A;
			remoteInfo = SPHTech_Assignment;
		};
		4F095EF924EAEB2A00AF688A /* PBXContainerItemProxy */ = {
			isa = PBXContainerItemProxy;
			containerPortal = 4F095ECC24EAEB2800AF688A /* Project object */;
			proxyType = 1;
			remoteGlobalIDString = 4F095ED324EAEB2800AF688A;
			remoteInfo = SPHTech_Assignment;
		};
/* End PBXContainerItemProxy section */

/* Begin PBXFileReference section */
		08077E865FD2838AB03EC0DF /* Pods-SPHTech_AssignmentTests.debug.xcconfig */ = {isa = PBXFileReference; includeInIndex = 1; lastKnownFileType = text.xcconfig; name = "Pods-SPHTech_AssignmentTests.debug.xcconfig"; path = "Target Support Files/Pods-SPHTech_AssignmentTests/Pods-SPHTech_AssignmentTests.debug.xcconfig"; sourceTree = "<group>"; };
		0D1F6B1CF46ECA44F4B1837A /* Pods_SPHTech_Assignment_SPHTech_AssignmentUITests.framework */ = {isa = PBXFileReference; explicitFileType = wrapper.framework; includeInIndex = 0; path = Pods_SPHTech_Assignment_SPHTech_AssignmentUITests.framework; sourceTree = BUILT_PRODUCTS_DIR; };
		39EA52386B13BDB5FAA9384F /* Pods-SPHTech_AssignmentTests.release.xcconfig */ = {isa = PBXFileReference; includeInIndex = 1; lastKnownFileType = text.xcconfig; name = "Pods-SPHTech_AssignmentTests.release.xcconfig"; path = "Target Support Files/Pods-SPHTech_AssignmentTests/Pods-SPHTech_AssignmentTests.release.xcconfig"; sourceTree = "<group>"; };
		46FB5538B9A0BCD1CBA156A0 /* Pods-SPHTech_Assignment.debug.xcconfig */ = {isa = PBXFileReference; includeInIndex = 1; lastKnownFileType = text.xcconfig; name = "Pods-SPHTech_Assignment.debug.xcconfig"; path = "Target Support Files/Pods-SPHTech_Assignment/Pods-SPHTech_Assignment.debug.xcconfig"; sourceTree = "<group>"; };
		4F095ED424EAEB2800AF688A /* SPHTech_Assignment.app */ = {isa = PBXFileReference; explicitFileType = wrapper.application; includeInIndex = 0; path = SPHTech_Assignment.app; sourceTree = BUILT_PRODUCTS_DIR; };
		4F095ED724EAEB2800AF688A /* AppDelegate.swift */ = {isa = PBXFileReference; lastKnownFileType = sourcecode.swift; path = AppDelegate.swift; sourceTree = "<group>"; };
		4F095ED924EAEB2800AF688A /* SceneDelegate.swift */ = {isa = PBXFileReference; lastKnownFileType = sourcecode.swift; path = SceneDelegate.swift; sourceTree = "<group>"; };
		4F095EDB24EAEB2800AF688A /* ViewController.swift */ = {isa = PBXFileReference; lastKnownFileType = sourcecode.swift; path = ViewController.swift; sourceTree = "<group>"; };
		4F095EDE24EAEB2800AF688A /* Base */ = {isa = PBXFileReference; lastKnownFileType = file.storyboard; name = Base; path = Base.lproj/Main.storyboard; sourceTree = "<group>"; };
		4F095EE124EAEB2800AF688A /* SPHTech_Assignment.xcdatamodel */ = {isa = PBXFileReference; lastKnownFileType = wrapper.xcdatamodel; path = SPHTech_Assignment.xcdatamodel; sourceTree = "<group>"; };
		4F095EE324EAEB2900AF688A /* Assets.xcassets */ = {isa = PBXFileReference; lastKnownFileType = folder.assetcatalog; path = Assets.xcassets; sourceTree = "<group>"; };
		4F095EE624EAEB2900AF688A /* Base */ = {isa = PBXFileReference; lastKnownFileType = file.storyboard; name = Base; path = Base.lproj/LaunchScreen.storyboard; sourceTree = "<group>"; };
		4F095EE824EAEB2900AF688A /* Info.plist */ = {isa = PBXFileReference; lastKnownFileType = text.plist.xml; path = Info.plist; sourceTree = "<group>"; };
		4F095EED24EAEB2A00AF688A /* SPHTech_AssignmentTests.xctest */ = {isa = PBXFileReference; explicitFileType = wrapper.cfbundle; includeInIndex = 0; path = SPHTech_AssignmentTests.xctest; sourceTree = BUILT_PRODUCTS_DIR; };
		4F095EF124EAEB2A00AF688A /* SPHTech_AssignmentTests.swift */ = {isa = PBXFileReference; lastKnownFileType = sourcecode.swift; path = SPHTech_AssignmentTests.swift; sourceTree = "<group>"; };
		4F095EF324EAEB2A00AF688A /* Info.plist */ = {isa = PBXFileReference; lastKnownFileType = text.plist.xml; path = Info.plist; sourceTree = "<group>"; };
		4F095EF824EAEB2A00AF688A /* SPHTech_AssignmentUITests.xctest */ = {isa = PBXFileReference; explicitFileType = wrapper.cfbundle; includeInIndex = 0; path = SPHTech_AssignmentUITests.xctest; sourceTree = BUILT_PRODUCTS_DIR; };
		4F095EFC24EAEB2A00AF688A /* SPHTech_AssignmentUITests.swift */ = {isa = PBXFileReference; lastKnownFileType = sourcecode.swift; path = SPHTech_AssignmentUITests.swift; sourceTree = "<group>"; };
		4F095EFE24EAEB2A00AF688A /* Info.plist */ = {isa = PBXFileReference; lastKnownFileType = text.plist.xml; path = Info.plist; sourceTree = "<group>"; };
		4F660CC424EAF39100E5B81A /* dataConsumptionTableViewTableViewCell.swift */ = {isa = PBXFileReference; lastKnownFileType = sourcecode.swift; path = dataConsumptionTableViewTableViewCell.swift; sourceTree = "<group>"; };
		4F660CC724EAF7C100E5B81A /* Protocols.swift */ = {isa = PBXFileReference; lastKnownFileType = sourcecode.swift; path = Protocols.swift; sourceTree = "<group>"; };
		4F660CC924EAF90600E5B81A /* DataConsumptionViewModel.swift */ = {isa = PBXFileReference; lastKnownFileType = sourcecode.swift; path = DataConsumptionViewModel.swift; sourceTree = "<group>"; };
		4F660CCB24EAFC0100E5B81A /* DataConsumptionModel.swift */ = {isa = PBXFileReference; lastKnownFileType = sourcecode.swift; path = DataConsumptionModel.swift; sourceTree = "<group>"; };
		4FDC623F24EBEEFB00B80692 /* ErrorMessageViewController.swift */ = {isa = PBXFileReference; lastKnownFileType = sourcecode.swift; path = ErrorMessageViewController.swift; sourceTree = "<group>"; };
		4FF9E1F824EAEE5200F1CF27 /* HeaderHelper.swift */ = {isa = PBXFileReference; fileEncoding = 4; lastKnownFileType = sourcecode.swift; path = HeaderHelper.swift; sourceTree = "<group>"; };
		4FF9E1FA24EAEE5700F1CF27 /* RequestHelpers.swift */ = {isa = PBXFileReference; fileEncoding = 4; lastKnownFileType = sourcecode.swift; path = RequestHelpers.swift; sourceTree = "<group>"; };
		4FF9E1FC24EAEE5C00F1CF27 /* RequestUrls.swift */ = {isa = PBXFileReference; fileEncoding = 4; lastKnownFileType = sourcecode.swift; path = RequestUrls.swift; sourceTree = "<group>"; };
		5B8FAF80E22F7938D5062570 /* Pods-SPHTech_Assignment-SPHTech_AssignmentUITests.release.xcconfig */ = {isa = PBXFileReference; includeInIndex = 1; lastKnownFileType = text.xcconfig; name = "Pods-SPHTech_Assignment-SPHTech_AssignmentUITests.release.xcconfig"; path = "Target Support Files/Pods-SPHTech_Assignment-SPHTech_AssignmentUITests/Pods-SPHTech_Assignment-SPHTech_AssignmentUITests.release.xcconfig"; sourceTree = "<group>"; };
		704F38B21C6A587A294BA030 /* Pods_SPHTech_Assignment.framework */ = {isa = PBXFileReference; explicitFileType = wrapper.framework; includeInIndex = 0; path = Pods_SPHTech_Assignment.framework; sourceTree = BUILT_PRODUCTS_DIR; };
		B73EBB7D83034FDCA1B40CFA /* Pods_SPHTech_AssignmentTests.framework */ = {isa = PBXFileReference; explicitFileType = wrapper.framework; includeInIndex = 0; path = Pods_SPHTech_AssignmentTests.framework; sourceTree = BUILT_PRODUCTS_DIR; };
		CF9CC0081C489A923E90F35C /* Pods-SPHTech_Assignment-SPHTech_AssignmentUITests.debug.xcconfig */ = {isa = PBXFileReference; includeInIndex = 1; lastKnownFileType = text.xcconfig; name = "Pods-SPHTech_Assignment-SPHTech_AssignmentUITests.debug.xcconfig"; path = "Target Support Files/Pods-SPHTech_Assignment-SPHTech_AssignmentUITests/Pods-SPHTech_Assignment-SPHTech_AssignmentUITests.debug.xcconfig"; sourceTree = "<group>"; };
		F3A946C58AD61D5BA1992391 /* Pods-SPHTech_Assignment.release.xcconfig */ = {isa = PBXFileReference; includeInIndex = 1; lastKnownFileType = text.xcconfig; name = "Pods-SPHTech_Assignment.release.xcconfig"; path = "Target Support Files/Pods-SPHTech_Assignment/Pods-SPHTech_Assignment.release.xcconfig"; sourceTree = "<group>"; };
/* End PBXFileReference section */

/* Begin PBXFrameworksBuildPhase section */
		4F095ED124EAEB2800AF688A /* Frameworks */ = {
			isa = PBXFrameworksBuildPhase;
			buildActionMask = 2147483647;
			files = (
				64A9EF429A0383334D56569A /* Pods_SPHTech_Assignment.framework in Frameworks */,
			);
			runOnlyForDeploymentPostprocessing = 0;
		};
		4F095EEA24EAEB2A00AF688A /* Frameworks */ = {
			isa = PBXFrameworksBuildPhase;
			buildActionMask = 2147483647;
			files = (
				E8293428B66A0B2A90C111CB /* Pods_SPHTech_AssignmentTests.framework in Frameworks */,
			);
			runOnlyForDeploymentPostprocessing = 0;
		};
		4F095EF524EAEB2A00AF688A /* Frameworks */ = {
			isa = PBXFrameworksBuildPhase;
			buildActionMask = 2147483647;
			files = (
				23C58B25ED36AD9AAF70869C /* Pods_SPHTech_Assignment_SPHTech_AssignmentUITests.framework in Frameworks */,
			);
			runOnlyForDeploymentPostprocessing = 0;
		};
/* End PBXFrameworksBuildPhase section */

/* Begin PBXGroup section */
		095216345CBE28F4151DB6FF /* Pods */ = {
			isa = PBXGroup;
			children = (
				46FB5538B9A0BCD1CBA156A0 /* Pods-SPHTech_Assignment.debug.xcconfig */,
				F3A946C58AD61D5BA1992391 /* Pods-SPHTech_Assignment.release.xcconfig */,
				CF9CC0081C489A923E90F35C /* Pods-SPHTech_Assignment-SPHTech_AssignmentUITests.debug.xcconfig */,
				5B8FAF80E22F7938D5062570 /* Pods-SPHTech_Assignment-SPHTech_AssignmentUITests.release.xcconfig */,
				08077E865FD2838AB03EC0DF /* Pods-SPHTech_AssignmentTests.debug.xcconfig */,
				39EA52386B13BDB5FAA9384F /* Pods-SPHTech_AssignmentTests.release.xcconfig */,
			);
			path = Pods;
			sourceTree = "<group>";
		};
		4F095ECB24EAEB2800AF688A = {
			isa = PBXGroup;
			children = (
				4F095ED624EAEB2800AF688A /* SPHTech_Assignment */,
				4F095EF024EAEB2A00AF688A /* SPHTech_AssignmentTests */,
				4F095EFB24EAEB2A00AF688A /* SPHTech_AssignmentUITests */,
				4F095ED524EAEB2800AF688A /* Products */,
				095216345CBE28F4151DB6FF /* Pods */,
				F95638810331B15B547BD33C /* Frameworks */,
			);
			sourceTree = "<group>";
		};
		4F095ED524EAEB2800AF688A /* Products */ = {
			isa = PBXGroup;
			children = (
				4F095ED424EAEB2800AF688A /* SPHTech_Assignment.app */,
				4F095EED24EAEB2A00AF688A /* SPHTech_AssignmentTests.xctest */,
				4F095EF824EAEB2A00AF688A /* SPHTech_AssignmentUITests.xctest */,
			);
			name = Products;
			sourceTree = "<group>";
		};
		4F095ED624EAEB2800AF688A /* SPHTech_Assignment */ = {
			isa = PBXGroup;
			children = (
				4F660CC624EAF7AD00E5B81A /* Protocols */,
				4FF9E20024EAF14F00F1CF27 /* View */,
				4FF9E1FF24EAF12900F1CF27 /* ViewModel */,
				4FF9E1FE24EAF12400F1CF27 /* Model */,
				4FF9E1F724EAEE3F00F1CF27 /* Services */,
				4F095ED724EAEB2800AF688A /* AppDelegate.swift */,
				4F095ED924EAEB2800AF688A /* SceneDelegate.swift */,
				4F095EDD24EAEB2800AF688A /* Main.storyboard */,
				4F095EE324EAEB2900AF688A /* Assets.xcassets */,
				4F095EE524EAEB2900AF688A /* LaunchScreen.storyboard */,
				4F095EE824EAEB2900AF688A /* Info.plist */,
				4F095EE024EAEB2800AF688A /* SPHTech_Assignment.xcdatamodeld */,
			);
			path = SPHTech_Assignment;
			sourceTree = "<group>";
		};
		4F095EF024EAEB2A00AF688A /* SPHTech_AssignmentTests */ = {
			isa = PBXGroup;
			children = (
				4F095EF124EAEB2A00AF688A /* SPHTech_AssignmentTests.swift */,
				4F095EF324EAEB2A00AF688A /* Info.plist */,
			);
			path = SPHTech_AssignmentTests;
			sourceTree = "<group>";
		};
		4F095EFB24EAEB2A00AF688A /* SPHTech_AssignmentUITests */ = {
			isa = PBXGroup;
			children = (
				4F095EFC24EAEB2A00AF688A /* SPHTech_AssignmentUITests.swift */,
				4F095EFE24EAEB2A00AF688A /* Info.plist */,
			);
			path = SPHTech_AssignmentUITests;
			sourceTree = "<group>";
		};
		4F660CC624EAF7AD00E5B81A /* Protocols */ = {
			isa = PBXGroup;
			children = (
				4F660CC724EAF7C100E5B81A /* Protocols.swift */,
			);
			path = Protocols;
			sourceTree = "<group>";
		};
		4FF9E1F724EAEE3F00F1CF27 /* Services */ = {
			isa = PBXGroup;
			children = (
				4FF9E1F824EAEE5200F1CF27 /* HeaderHelper.swift */,
				4FF9E1FC24EAEE5C00F1CF27 /* RequestUrls.swift */,
				4FF9E1FA24EAEE5700F1CF27 /* RequestHelpers.swift */,
			);
			path = Services;
			sourceTree = "<group>";
		};
		4FF9E1FE24EAF12400F1CF27 /* Model */ = {
			isa = PBXGroup;
			children = (
				4F660CCB24EAFC0100E5B81A /* DataConsumptionModel.swift */,
			);
			path = Model;
			sourceTree = "<group>";
		};
		4FF9E1FF24EAF12900F1CF27 /* ViewModel */ = {
			isa = PBXGroup;
			children = (
				4F660CC924EAF90600E5B81A /* DataConsumptionViewModel.swift */,
			);
			path = ViewModel;
			sourceTree = "<group>";
		};
		4FF9E20024EAF14F00F1CF27 /* View */ = {
			isa = PBXGroup;
			children = (
				4FF9E20224EAF16E00F1CF27 /* Controllers */,
				4FF9E20124EAF16500F1CF27 /* Components */,
			);
			path = View;
			sourceTree = "<group>";
		};
		4FF9E20124EAF16500F1CF27 /* Components */ = {
			isa = PBXGroup;
			children = (
				4F660CC424EAF39100E5B81A /* dataConsumptionTableViewTableViewCell.swift */,
			);
			path = Components;
			sourceTree = "<group>";
		};
		4FF9E20224EAF16E00F1CF27 /* Controllers */ = {
			isa = PBXGroup;
			children = (
				4F095EDB24EAEB2800AF688A /* ViewController.swift */,
				4FDC623F24EBEEFB00B80692 /* ErrorMessageViewController.swift */,
			);
			path = Controllers;
			sourceTree = "<group>";
		};
		F95638810331B15B547BD33C /* Frameworks */ = {
			isa = PBXGroup;
			children = (
				704F38B21C6A587A294BA030 /* Pods_SPHTech_Assignment.framework */,
				0D1F6B1CF46ECA44F4B1837A /* Pods_SPHTech_Assignment_SPHTech_AssignmentUITests.framework */,
				B73EBB7D83034FDCA1B40CFA /* Pods_SPHTech_AssignmentTests.framework */,
			);
			name = Frameworks;
			sourceTree = "<group>";
		};
/* End PBXGroup section */

/* Begin PBXNativeTarget section */
		4F095ED324EAEB2800AF688A /* SPHTech_Assignment */ = {
			isa = PBXNativeTarget;
			buildConfigurationList = 4F095F0124EAEB2A00AF688A /* Build configuration list for PBXNativeTarget "SPHTech_Assignment" */;
			buildPhases = (
				6FE4A145DCA193C854F20EC8 /* [CP] Check Pods Manifest.lock */,
				4F095ED024EAEB2800AF688A /* Sources */,
				4F095ED124EAEB2800AF688A /* Frameworks */,
				4F095ED224EAEB2800AF688A /* Resources */,
				7BD1022A17B981364350B35C /* [CP] Embed Pods Frameworks */,
			);
			buildRules = (
			);
			dependencies = (
			);
			name = SPHTech_Assignment;
			productName = SPHTech_Assignment;
			productReference = 4F095ED424EAEB2800AF688A /* SPHTech_Assignment.app */;
			productType = "com.apple.product-type.application";
		};
		4F095EEC24EAEB2A00AF688A /* SPHTech_AssignmentTests */ = {
			isa = PBXNativeTarget;
			buildConfigurationList = 4F095F0424EAEB2A00AF688A /* Build configuration list for PBXNativeTarget "SPHTech_AssignmentTests" */;
			buildPhases = (
				B585AD8C198F72A64C58058E /* [CP] Check Pods Manifest.lock */,
				4F095EE924EAEB2A00AF688A /* Sources */,
				4F095EEA24EAEB2A00AF688A /* Frameworks */,
				4F095EEB24EAEB2A00AF688A /* Resources */,
			);
			buildRules = (
			);
			dependencies = (
				4F095EEF24EAEB2A00AF688A /* PBXTargetDependency */,
			);
			name = SPHTech_AssignmentTests;
			productName = SPHTech_AssignmentTests;
			productReference = 4F095EED24EAEB2A00AF688A /* SPHTech_AssignmentTests.xctest */;
			productType = "com.apple.product-type.bundle.unit-test";
		};
		4F095EF724EAEB2A00AF688A /* SPHTech_AssignmentUITests */ = {
			isa = PBXNativeTarget;
			buildConfigurationList = 4F095F0724EAEB2A00AF688A /* Build configuration list for PBXNativeTarget "SPHTech_AssignmentUITests" */;
			buildPhases = (
				33B4F7A52E7491C5009045B7 /* [CP] Check Pods Manifest.lock */,
				4F095EF424EAEB2A00AF688A /* Sources */,
				4F095EF524EAEB2A00AF688A /* Frameworks */,
				4F095EF624EAEB2A00AF688A /* Resources */,
				CF0C418089E9122DCC0983F1 /* [CP] Embed Pods Frameworks */,
			);
			buildRules = (
			);
			dependencies = (
				4F095EFA24EAEB2A00AF688A /* PBXTargetDependency */,
			);
			name = SPHTech_AssignmentUITests;
			productName = SPHTech_AssignmentUITests;
			productReference = 4F095EF824EAEB2A00AF688A /* SPHTech_AssignmentUITests.xctest */;
			productType = "com.apple.product-type.bundle.ui-testing";
		};
/* End PBXNativeTarget section */

/* Begin PBXProject section */
		4F095ECC24EAEB2800AF688A /* Project object */ = {
			isa = PBXProject;
			attributes = {
				LastSwiftUpdateCheck = 1150;
				LastUpgradeCheck = 1150;
				ORGANIZATIONNAME = "Achsuthan Mahendran";
				TargetAttributes = {
					4F095ED324EAEB2800AF688A = {
						CreatedOnToolsVersion = 11.5;
					};
					4F095EEC24EAEB2A00AF688A = {
						CreatedOnToolsVersion = 11.5;
						TestTargetID = 4F095ED324EAEB2800AF688A;
					};
					4F095EF724EAEB2A00AF688A = {
						CreatedOnToolsVersion = 11.5;
						TestTargetID = 4F095ED324EAEB2800AF688A;
					};
				};
			};
			buildConfigurationList = 4F095ECF24EAEB2800AF688A /* Build configuration list for PBXProject "SPHTech_Assignment" */;
			compatibilityVersion = "Xcode 9.3";
			developmentRegion = en;
			hasScannedForEncodings = 0;
			knownRegions = (
				en,
				Base,
			);
			mainGroup = 4F095ECB24EAEB2800AF688A;
			productRefGroup = 4F095ED524EAEB2800AF688A /* Products */;
			projectDirPath = "";
			projectRoot = "";
			targets = (
				4F095ED324EAEB2800AF688A /* SPHTech_Assignment */,
				4F095EEC24EAEB2A00AF688A /* SPHTech_AssignmentTests */,
				4F095EF724EAEB2A00AF688A /* SPHTech_AssignmentUITests */,
			);
		};
/* End PBXProject section */

/* Begin PBXResourcesBuildPhase section */
		4F095ED224EAEB2800AF688A /* Resources */ = {
			isa = PBXResourcesBuildPhase;
			buildActionMask = 2147483647;
			files = (
				4F095EE724EAEB2900AF688A /* LaunchScreen.storyboard in Resources */,
				4F095EE424EAEB2900AF688A /* Assets.xcassets in Resources */,
				4F095EDF24EAEB2800AF688A /* Main.storyboard in Resources */,
			);
			runOnlyForDeploymentPostprocessing = 0;
		};
		4F095EEB24EAEB2A00AF688A /* Resources */ = {
			isa = PBXResourcesBuildPhase;
			buildActionMask = 2147483647;
			files = (
			);
			runOnlyForDeploymentPostprocessing = 0;
		};
		4F095EF624EAEB2A00AF688A /* Resources */ = {
			isa = PBXResourcesBuildPhase;
			buildActionMask = 2147483647;
			files = (
			);
			runOnlyForDeploymentPostprocessing = 0;
		};
/* End PBXResourcesBuildPhase section */

/* Begin PBXShellScriptBuildPhase section */
		33B4F7A52E7491C5009045B7 /* [CP] Check Pods Manifest.lock */ = {
			isa = PBXShellScriptBuildPhase;
			buildActionMask = 2147483647;
			files = (
			);
			inputFileListPaths = (
			);
			inputPaths = (
				"${PODS_PODFILE_DIR_PATH}/Podfile.lock",
				"${PODS_ROOT}/Manifest.lock",
			);
			name = "[CP] Check Pods Manifest.lock";
			outputFileListPaths = (
			);
			outputPaths = (
				"$(DERIVED_FILE_DIR)/Pods-SPHTech_Assignment-SPHTech_AssignmentUITests-checkManifestLockResult.txt",
			);
			runOnlyForDeploymentPostprocessing = 0;
			shellPath = /bin/sh;
			shellScript = "diff \"${PODS_PODFILE_DIR_PATH}/Podfile.lock\" \"${PODS_ROOT}/Manifest.lock\" > /dev/null\nif [ $? != 0 ] ; then\n    # print error to STDERR\n    echo \"error: The sandbox is not in sync with the Podfile.lock. Run 'pod install' or update your CocoaPods installation.\" >&2\n    exit 1\nfi\n# This output is used by Xcode 'outputs' to avoid re-running this script phase.\necho \"SUCCESS\" > \"${SCRIPT_OUTPUT_FILE_0}\"\n";
			showEnvVarsInLog = 0;
		};
		6FE4A145DCA193C854F20EC8 /* [CP] Check Pods Manifest.lock */ = {
			isa = PBXShellScriptBuildPhase;
			buildActionMask = 2147483647;
			files = (
			);
			inputFileListPaths = (
			);
			inputPaths = (
				"${PODS_PODFILE_DIR_PATH}/Podfile.lock",
				"${PODS_ROOT}/Manifest.lock",
			);
			name = "[CP] Check Pods Manifest.lock";
			outputFileListPaths = (
			);
			outputPaths = (
				"$(DERIVED_FILE_DIR)/Pods-SPHTech_Assignment-checkManifestLockResult.txt",
			);
			runOnlyForDeploymentPostprocessing = 0;
			shellPath = /bin/sh;
			shellScript = "diff \"${PODS_PODFILE_DIR_PATH}/Podfile.lock\" \"${PODS_ROOT}/Manifest.lock\" > /dev/null\nif [ $? != 0 ] ; then\n    # print error to STDERR\n    echo \"error: The sandbox is not in sync with the Podfile.lock. Run 'pod install' or update your CocoaPods installation.\" >&2\n    exit 1\nfi\n# This output is used by Xcode 'outputs' to avoid re-running this script phase.\necho \"SUCCESS\" > \"${SCRIPT_OUTPUT_FILE_0}\"\n";
			showEnvVarsInLog = 0;
		};
		7BD1022A17B981364350B35C /* [CP] Embed Pods Frameworks */ = {
			isa = PBXShellScriptBuildPhase;
			buildActionMask = 2147483647;
			files = (
			);
			inputFileListPaths = (
				"${PODS_ROOT}/Target Support Files/Pods-SPHTech_Assignment/Pods-SPHTech_Assignment-frameworks-${CONFIGURATION}-input-files.xcfilelist",
			);
			name = "[CP] Embed Pods Frameworks";
			outputFileListPaths = (
				"${PODS_ROOT}/Target Support Files/Pods-SPHTech_Assignment/Pods-SPHTech_Assignment-frameworks-${CONFIGURATION}-output-files.xcfilelist",
			);
			runOnlyForDeploymentPostprocessing = 0;
			shellPath = /bin/sh;
			shellScript = "\"${PODS_ROOT}/Target Support Files/Pods-SPHTech_Assignment/Pods-SPHTech_Assignment-frameworks.sh\"\n";
			showEnvVarsInLog = 0;
		};
		B585AD8C198F72A64C58058E /* [CP] Check Pods Manifest.lock */ = {
			isa = PBXShellScriptBuildPhase;
			buildActionMask = 2147483647;
			files = (
			);
			inputFileListPaths = (
			);
			inputPaths = (
				"${PODS_PODFILE_DIR_PATH}/Podfile.lock",
				"${PODS_ROOT}/Manifest.lock",
			);
			name = "[CP] Check Pods Manifest.lock";
			outputFileListPaths = (
			);
			outputPaths = (
				"$(DERIVED_FILE_DIR)/Pods-SPHTech_AssignmentTests-checkManifestLockResult.txt",
			);
			runOnlyForDeploymentPostprocessing = 0;
			shellPath = /bin/sh;
			shellScript = "diff \"${PODS_PODFILE_DIR_PATH}/Podfile.lock\" \"${PODS_ROOT}/Manifest.lock\" > /dev/null\nif [ $? != 0 ] ; then\n    # print error to STDERR\n    echo \"error: The sandbox is not in sync with the Podfile.lock. Run 'pod install' or update your CocoaPods installation.\" >&2\n    exit 1\nfi\n# This output is used by Xcode 'outputs' to avoid re-running this script phase.\necho \"SUCCESS\" > \"${SCRIPT_OUTPUT_FILE_0}\"\n";
			showEnvVarsInLog = 0;
		};
		CF0C418089E9122DCC0983F1 /* [CP] Embed Pods Frameworks */ = {
			isa = PBXShellScriptBuildPhase;
			buildActionMask = 2147483647;
			files = (
			);
			inputFileListPaths = (
				"${PODS_ROOT}/Target Support Files/Pods-SPHTech_Assignment-SPHTech_AssignmentUITests/Pods-SPHTech_Assignment-SPHTech_AssignmentUITests-frameworks-${CONFIGURATION}-input-files.xcfilelist",
			);
			name = "[CP] Embed Pods Frameworks";
			outputFileListPaths = (
				"${PODS_ROOT}/Target Support Files/Pods-SPHTech_Assignment-SPHTech_AssignmentUITests/Pods-SPHTech_Assignment-SPHTech_AssignmentUITests-frameworks-${CONFIGURATION}-output-files.xcfilelist",
			);
			runOnlyForDeploymentPostprocessing = 0;
			shellPath = /bin/sh;
			shellScript = "\"${PODS_ROOT}/Target Support Files/Pods-SPHTech_Assignment-SPHTech_AssignmentUITests/Pods-SPHTech_Assignment-SPHTech_AssignmentUITests-frameworks.sh\"\n";
			showEnvVarsInLog = 0;
		};
/* End PBXShellScriptBuildPhase section */

/* Begin PBXSourcesBuildPhase section */
		4F095ED024EAEB2800AF688A /* Sources */ = {
			isa = PBXSourcesBuildPhase;
			buildActionMask = 2147483647;
			files = (
				4F095EDC24EAEB2800AF688A /* ViewController.swift in Sources */,
				4F095ED824EAEB2800AF688A /* AppDelegate.swift in Sources */,
				4FF9E1F924EAEE5200F1CF27 /* HeaderHelper.swift in Sources */,
				4FF9E1FD24EAEE5C00F1CF27 /* RequestUrls.swift in Sources */,
				4F660CCC24EAFC0100E5B81A /* DataConsumptionModel.swift in Sources */,
				4FF9E1FB24EAEE5700F1CF27 /* RequestHelpers.swift in Sources */,
				4F660CC524EAF39100E5B81A /* dataConsumptionTableViewTableViewCell.swift in Sources */,
				4F660CCA24EAF90600E5B81A /* DataConsumptionViewModel.swift in Sources */,
				4F095EE224EAEB2800AF688A /* SPHTech_Assignment.xcdatamodeld in Sources */,
				4F660CC824EAF7C100E5B81A /* Protocols.swift in Sources */,
				4FDC624024EBEEFB00B80692 /* ErrorMessageViewController.swift in Sources */,
				4F095EDA24EAEB2800AF688A /* SceneDelegate.swift in Sources */,
			);
			runOnlyForDeploymentPostprocessing = 0;
		};
		4F095EE924EAEB2A00AF688A /* Sources */ = {
			isa = PBXSourcesBuildPhase;
			buildActionMask = 2147483647;
			files = (
				4F095EF224EAEB2A00AF688A /* SPHTech_AssignmentTests.swift in Sources */,
			);
			runOnlyForDeploymentPostprocessing = 0;
		};
		4F095EF424EAEB2A00AF688A /* Sources */ = {
			isa = PBXSourcesBuildPhase;
			buildActionMask = 2147483647;
			files = (
				4F095EFD24EAEB2A00AF688A /* SPHTech_AssignmentUITests.swift in Sources */,
			);
			runOnlyForDeploymentPostprocessing = 0;
		};
/* End PBXSourcesBuildPhase section */

/* Begin PBXTargetDependency section */
		4F095EEF24EAEB2A00AF688A /* PBXTargetDependency */ = {
			isa = PBXTargetDependency;
			target = 4F095ED324EAEB2800AF688A /* SPHTech_Assignment */;
			targetProxy = 4F095EEE24EAEB2A00AF688A /* PBXContainerItemProxy */;
		};
		4F095EFA24EAEB2A00AF688A /* PBXTargetDependency */ = {
			isa = PBXTargetDependency;
			target = 4F095ED324EAEB2800AF688A /* SPHTech_Assignment */;
			targetProxy = 4F095EF924EAEB2A00AF688A /* PBXContainerItemProxy */;
		};
/* End PBXTargetDependency section */

/* Begin PBXVariantGroup section */
		4F095EDD24EAEB2800AF688A /* Main.storyboard */ = {
			isa = PBXVariantGroup;
			children = (
				4F095EDE24EAEB2800AF688A /* Base */,
			);
			name = Main.storyboard;
			sourceTree = "<group>";
		};
		4F095EE524EAEB2900AF688A /* LaunchScreen.storyboard */ = {
			isa = PBXVariantGroup;
			children = (
				4F095EE624EAEB2900AF688A /* Base */,
			);
			name = LaunchScreen.storyboard;
			sourceTree = "<group>";
		};
/* End PBXVariantGroup section */

/* Begin XCBuildConfiguration section */
		4F095EFF24EAEB2A00AF688A /* Debug */ = {
			isa = XCBuildConfiguration;
			buildSettings = {
				ALWAYS_SEARCH_USER_PATHS = NO;
				CLANG_ANALYZER_NONNULL = YES;
				CLANG_ANALYZER_NUMBER_OBJECT_CONVERSION = YES_AGGRESSIVE;
				CLANG_CXX_LANGUAGE_STANDARD = "gnu++14";
				CLANG_CXX_LIBRARY = "libc++";
				CLANG_ENABLE_MODULES = YES;
				CLANG_ENABLE_OBJC_ARC = YES;
				CLANG_ENABLE_OBJC_WEAK = YES;
				CLANG_WARN_BLOCK_CAPTURE_AUTORELEASING = YES;
				CLANG_WARN_BOOL_CONVERSION = YES;
				CLANG_WARN_COMMA = YES;
				CLANG_WARN_CONSTANT_CONVERSION = YES;
				CLANG_WARN_DEPRECATED_OBJC_IMPLEMENTATIONS = YES;
				CLANG_WARN_DIRECT_OBJC_ISA_USAGE = YES_ERROR;
				CLANG_WARN_DOCUMENTATION_COMMENTS = YES;
				CLANG_WARN_EMPTY_BODY = YES;
				CLANG_WARN_ENUM_CONVERSION = YES;
				CLANG_WARN_INFINITE_RECURSION = YES;
				CLANG_WARN_INT_CONVERSION = YES;
				CLANG_WARN_NON_LITERAL_NULL_CONVERSION = YES;
				CLANG_WARN_OBJC_IMPLICIT_RETAIN_SELF = YES;
				CLANG_WARN_OBJC_LITERAL_CONVERSION = YES;
				CLANG_WARN_OBJC_ROOT_CLASS = YES_ERROR;
				CLANG_WARN_RANGE_LOOP_ANALYSIS = YES;
				CLANG_WARN_STRICT_PROTOTYPES = YES;
				CLANG_WARN_SUSPICIOUS_MOVE = YES;
				CLANG_WARN_UNGUARDED_AVAILABILITY = YES_AGGRESSIVE;
				CLANG_WARN_UNREACHABLE_CODE = YES;
				CLANG_WARN__DUPLICATE_METHOD_MATCH = YES;
				COPY_PHASE_STRIP = NO;
				DEBUG_INFORMATION_FORMAT = dwarf;
				ENABLE_STRICT_OBJC_MSGSEND = YES;
				ENABLE_TESTABILITY = YES;
				GCC_C_LANGUAGE_STANDARD = gnu11;
				GCC_DYNAMIC_NO_PIC = NO;
				GCC_NO_COMMON_BLOCKS = YES;
				GCC_OPTIMIZATION_LEVEL = 0;
				GCC_PREPROCESSOR_DEFINITIONS = (
					"DEBUG=1",
					"$(inherited)",
				);
				GCC_WARN_64_TO_32_BIT_CONVERSION = YES;
				GCC_WARN_ABOUT_RETURN_TYPE = YES_ERROR;
				GCC_WARN_UNDECLARED_SELECTOR = YES;
				GCC_WARN_UNINITIALIZED_AUTOS = YES_AGGRESSIVE;
				GCC_WARN_UNUSED_FUNCTION = YES;
				GCC_WARN_UNUSED_VARIABLE = YES;
				IPHONEOS_DEPLOYMENT_TARGET = 13.5;
				MTL_ENABLE_DEBUG_INFO = INCLUDE_SOURCE;
				MTL_FAST_MATH = YES;
				ONLY_ACTIVE_ARCH = YES;
				SDKROOT = iphoneos;
				SWIFT_ACTIVE_COMPILATION_CONDITIONS = DEBUG;
				SWIFT_OPTIMIZATION_LEVEL = "-Onone";
			};
			name = Debug;
		};
		4F095F0024EAEB2A00AF688A /* Release */ = {
			isa = XCBuildConfiguration;
			buildSettings = {
				ALWAYS_SEARCH_USER_PATHS = NO;
				CLANG_ANALYZER_NONNULL = YES;
				CLANG_ANALYZER_NUMBER_OBJECT_CONVERSION = YES_AGGRESSIVE;
				CLANG_CXX_LANGUAGE_STANDARD = "gnu++14";
				CLANG_CXX_LIBRARY = "libc++";
				CLANG_ENABLE_MODULES = YES;
				CLANG_ENABLE_OBJC_ARC = YES;
				CLANG_ENABLE_OBJC_WEAK = YES;
				CLANG_WARN_BLOCK_CAPTURE_AUTORELEASING = YES;
				CLANG_WARN_BOOL_CONVERSION = YES;
				CLANG_WARN_COMMA = YES;
				CLANG_WARN_CONSTANT_CONVERSION = YES;
				CLANG_WARN_DEPRECATED_OBJC_IMPLEMENTATIONS = YES;
				CLANG_WARN_DIRECT_OBJC_ISA_USAGE = YES_ERROR;
				CLANG_WARN_DOCUMENTATION_COMMENTS = YES;
				CLANG_WARN_EMPTY_BODY = YES;
				CLANG_WARN_ENUM_CONVERSION = YES;
				CLANG_WARN_INFINITE_RECURSION = YES;
				CLANG_WARN_INT_CONVERSION = YES;
				CLANG_WARN_NON_LITERAL_NULL_CONVERSION = YES;
				CLANG_WARN_OBJC_IMPLICIT_RETAIN_SELF = YES;
				CLANG_WARN_OBJC_LITERAL_CONVERSION = YES;
				CLANG_WARN_OBJC_ROOT_CLASS = YES_ERROR;
				CLANG_WARN_RANGE_LOOP_ANALYSIS = YES;
				CLANG_WARN_STRICT_PROTOTYPES = YES;
				CLANG_WARN_SUSPICIOUS_MOVE = YES;
				CLANG_WARN_UNGUARDED_AVAILABILITY = YES_AGGRESSIVE;
				CLANG_WARN_UNREACHABLE_CODE = YES;
				CLANG_WARN__DUPLICATE_METHOD_MATCH = YES;
				COPY_PHASE_STRIP = NO;
				DEBUG_INFORMATION_FORMAT = "dwarf-with-dsym";
				ENABLE_NS_ASSERTIONS = NO;
				ENABLE_STRICT_OBJC_MSGSEND = YES;
				GCC_C_LANGUAGE_STANDARD = gnu11;
				GCC_NO_COMMON_BLOCKS = YES;
				GCC_WARN_64_TO_32_BIT_CONVERSION = YES;
				GCC_WARN_ABOUT_RETURN_TYPE = YES_ERROR;
				GCC_WARN_UNDECLARED_SELECTOR = YES;
				GCC_WARN_UNINITIALIZED_AUTOS = YES_AGGRESSIVE;
				GCC_WARN_UNUSED_FUNCTION = YES;
				GCC_WARN_UNUSED_VARIABLE = YES;
				IPHONEOS_DEPLOYMENT_TARGET = 13.5;
				MTL_ENABLE_DEBUG_INFO = NO;
				MTL_FAST_MATH = YES;
				SDKROOT = iphoneos;
				SWIFT_COMPILATION_MODE = wholemodule;
				SWIFT_OPTIMIZATION_LEVEL = "-O";
				VALIDATE_PRODUCT = YES;
			};
			name = Release;
		};
		4F095F0224EAEB2A00AF688A /* Debug */ = {
			isa = XCBuildConfiguration;
			baseConfigurationReference = 46FB5538B9A0BCD1CBA156A0 /* Pods-SPHTech_Assignment.debug.xcconfig */;
			buildSettings = {
				ASSETCATALOG_COMPILER_APPICON_NAME = AppIcon;
				CODE_SIGN_STYLE = Automatic;
				DEVELOPMENT_TEAM = L8H9WUUCH6;
				INFOPLIST_FILE = SPHTech_Assignment/Info.plist;
				LD_RUNPATH_SEARCH_PATHS = (
					"$(inherited)",
					"@executable_path/Frameworks",
				);
				PRODUCT_BUNDLE_IDENTIFIER = "com.achsuthan.SPHTech-Assignment";
				PRODUCT_NAME = "$(TARGET_NAME)";
				SWIFT_VERSION = 5.0;
				TARGETED_DEVICE_FAMILY = "1,2";
			};
			name = Debug;
		};
		4F095F0324EAEB2A00AF688A /* Release */ = {
			isa = XCBuildConfiguration;
			baseConfigurationReference = F3A946C58AD61D5BA1992391 /* Pods-SPHTech_Assignment.release.xcconfig */;
			buildSettings = {
				ASSETCATALOG_COMPILER_APPICON_NAME = AppIcon;
				CODE_SIGN_STYLE = Automatic;
				DEVELOPMENT_TEAM = L8H9WUUCH6;
				INFOPLIST_FILE = SPHTech_Assignment/Info.plist;
				LD_RUNPATH_SEARCH_PATHS = (
					"$(inherited)",
					"@executable_path/Frameworks",
				);
				PRODUCT_BUNDLE_IDENTIFIER = "com.achsuthan.SPHTech-Assignment";
				PRODUCT_NAME = "$(TARGET_NAME)";
				SWIFT_VERSION = 5.0;
				TARGETED_DEVICE_FAMILY = "1,2";
			};
			name = Release;
		};
		4F095F0524EAEB2A00AF688A /* Debug */ = {
			isa = XCBuildConfiguration;
			baseConfigurationReference = 08077E865FD2838AB03EC0DF /* Pods-SPHTech_AssignmentTests.debug.xcconfig */;
			buildSettings = {
				ALWAYS_EMBED_SWIFT_STANDARD_LIBRARIES = YES;
				BUNDLE_LOADER = "$(TEST_HOST)";
				CODE_SIGN_STYLE = Automatic;
				DEVELOPMENT_TEAM = L8H9WUUCH6;
				INFOPLIST_FILE = SPHTech_AssignmentTests/Info.plist;
				IPHONEOS_DEPLOYMENT_TARGET = 13.5;
				LD_RUNPATH_SEARCH_PATHS = (
					"$(inherited)",
					"@executable_path/Frameworks",
					"@loader_path/Frameworks",
				);
				PRODUCT_BUNDLE_IDENTIFIER = "com.achsuthan.SPHTech-AssignmentTests";
				PRODUCT_NAME = "$(TARGET_NAME)";
				SWIFT_VERSION = 5.0;
				TARGETED_DEVICE_FAMILY = "1,2";
				TEST_HOST = "$(BUILT_PRODUCTS_DIR)/SPHTech_Assignment.app/SPHTech_Assignment";
			};
			name = Debug;
		};
		4F095F0624EAEB2A00AF688A /* Release */ = {
			isa = XCBuildConfiguration;
			baseConfigurationReference = 39EA52386B13BDB5FAA9384F /* Pods-SPHTech_AssignmentTests.release.xcconfig */;
			buildSettings = {
				ALWAYS_EMBED_SWIFT_STANDARD_LIBRARIES = YES;
				BUNDLE_LOADER = "$(TEST_HOST)";
				CODE_SIGN_STYLE = Automatic;
				DEVELOPMENT_TEAM = L8H9WUUCH6;
				INFOPLIST_FILE = SPHTech_AssignmentTests/Info.plist;
				IPHONEOS_DEPLOYMENT_TARGET = 13.5;
				LD_RUNPATH_SEARCH_PATHS = (
					"$(inherited)",
					"@executable_path/Frameworks",
					"@loader_path/Frameworks",
				);
				PRODUCT_BUNDLE_IDENTIFIER = "com.achsuthan.SPHTech-AssignmentTests";
				PRODUCT_NAME = "$(TARGET_NAME)";
				SWIFT_VERSION = 5.0;
				TARGETED_DEVICE_FAMILY = "1,2";
				TEST_HOST = "$(BUILT_PRODUCTS_DIR)/SPHTech_Assignment.app/SPHTech_Assignment";
			};
			name = Release;
		};
		4F095F0824EAEB2A00AF688A /* Debug */ = {
			isa = XCBuildConfiguration;
			baseConfigurationReference = CF9CC0081C489A923E90F35C /* Pods-SPHTech_Assignment-SPHTech_AssignmentUITests.debug.xcconfig */;
			buildSettings = {
				ALWAYS_EMBED_SWIFT_STANDARD_LIBRARIES = YES;
				CODE_SIGN_STYLE = Automatic;
				DEVELOPMENT_TEAM = L8H9WUUCH6;
				INFOPLIST_FILE = SPHTech_AssignmentUITests/Info.plist;
				LD_RUNPATH_SEARCH_PATHS = (
					"$(inherited)",
					"@executable_path/Frameworks",
					"@loader_path/Frameworks",
				);
				PRODUCT_BUNDLE_IDENTIFIER = "com.achsuthan.SPHTech-AssignmentUITests";
				PRODUCT_NAME = "$(TARGET_NAME)";
				SWIFT_VERSION = 5.0;
				TARGETED_DEVICE_FAMILY = "1,2";
				TEST_TARGET_NAME = SPHTech_Assignment;
			};
			name = Debug;
		};
		4F095F0924EAEB2A00AF688A /* Release */ = {
			isa = XCBuildConfiguration;
			baseConfigurationReference = 5B8FAF80E22F7938D5062570 /* Pods-SPHTech_Assignment-SPHTech_AssignmentUITests.release.xcconfig */;
			buildSettings = {
				ALWAYS_EMBED_SWIFT_STANDARD_LIBRARIES = YES;
				CODE_SIGN_STYLE = Automatic;
				DEVELOPMENT_TEAM = L8H9WUUCH6;
				INFOPLIST_FILE = SPHTech_AssignmentUITests/Info.plist;
				LD_RUNPATH_SEARCH_PATHS = (
					"$(inherited)",
					"@executable_path/Frameworks",
					"@loader_path/Frameworks",
				);
				PRODUCT_BUNDLE_IDENTIFIER = "com.achsuthan.SPHTech-AssignmentUITests";
				PRODUCT_NAME = "$(TARGET_NAME)";
				SWIFT_VERSION = 5.0;
				TARGETED_DEVICE_FAMILY = "1,2";
				TEST_TARGET_NAME = SPHTech_Assignment;
			};
			name = Release;
		};
/* End XCBuildConfiguration section */

/* Begin XCConfigurationList section */
		4F095ECF24EAEB2800AF688A /* Build configuration list for PBXProject "SPHTech_Assignment" */ = {
			isa = XCConfigurationList;
			buildConfigurations = (
				4F095EFF24EAEB2A00AF688A /* Debug */,
				4F095F0024EAEB2A00AF688A /* Release */,
			);
			defaultConfigurationIsVisible = 0;
			defaultConfigurationName = Release;
		};
		4F095F0124EAEB2A00AF688A /* Build configuration list for PBXNativeTarget "SPHTech_Assignment" */ = {
			isa = XCConfigurationList;
			buildConfigurations = (
				4F095F0224EAEB2A00AF688A /* Debug */,
				4F095F0324EAEB2A00AF688A /* Release */,
			);
			defaultConfigurationIsVisible = 0;
			defaultConfigurationName = Release;
		};
		4F095F0424EAEB2A00AF688A /* Build configuration list for PBXNativeTarget "SPHTech_AssignmentTests" */ = {
			isa = XCConfigurationList;
			buildConfigurations = (
				4F095F0524EAEB2A00AF688A /* Debug */,
				4F095F0624EAEB2A00AF688A /* Release */,
			);
			defaultConfigurationIsVisible = 0;
			defaultConfigurationName = Release;
		};
		4F095F0724EAEB2A00AF688A /* Build configuration list for PBXNativeTarget "SPHTech_AssignmentUITests" */ = {
			isa = XCConfigurationList;
			buildConfigurations = (
				4F095F0824EAEB2A00AF688A /* Debug */,
				4F095F0924EAEB2A00AF688A /* Release */,
			);
			defaultConfigurationIsVisible = 0;
			defaultConfigurationName = Release;
		};
/* End XCConfigurationList section */

/* Begin XCVersionGroup section */
		4F095EE024EAEB2800AF688A /* SPHTech_Assignment.xcdatamodeld */ = {
			isa = XCVersionGroup;
			children = (
				4F095EE124EAEB2800AF688A /* SPHTech_Assignment.xcdatamodel */,
			);
			currentVersion = 4F095EE124EAEB2800AF688A /* SPHTech_Assignment.xcdatamodel */;
			path = SPHTech_Assignment.xcdatamodeld;
			sourceTree = "<group>";
			versionGroupType = wrapper.xcdatamodel;
		};
/* End XCVersionGroup section */
	};
	rootObject = 4F095ECC24EAEB2800AF688A /* Project object */;
}
